
Microsoft Visual Studio Solution File, Format Version 12.00
# Visual Studio Version 16
VisualStudioVersion = 16.0.32002.261
MinimumVisualStudioVersion = 10.0.40219.1
Project("{FAE04EC0-301F-11D3-BF4B-00C04F79EFBC}") = "MyGame", "MyGame.csproj", "{0540EE8B-918E-4A22-87BF-BF4FAFF250C8}"
EndProject
Global
	GlobalSection(SolutionConfigurationPlatforms) = preSolution
		Debug|Any CPU = Debug|Any CPU
		Release|Any CPU = Release|Any CPU
	EndGlobalSection
	GlobalSection(ProjectConfigurationPlatforms) = postSolution
		{0540EE8B-918E-4A22-87BF-BF4FAFF250C8}.Debug|Any CPU.ActiveCfg = Debug|Any CPU
		{0540EE8B-918E-4A22-87BF-BF4FAFF250C8}.Debug|Any CPU.Build.0 = Debug|Any CPU
		{0540EE8B-918E-4A22-87BF-BF4FAFF250C8}.Release|Any CPU.ActiveCfg = Release|Any CPU
		{0540EE8B-918E-4A22-87BF-BF4FAFF250C8}.Release|Any CPU.Build.0 = Release|Any CPU
	EndGlobalSection
	GlobalSection(SolutionProperties) = preSolution
		HideSolutionNode = FALSE
	EndGlobalSection
	GlobalSection(ExtensibilityGlobals) = postSolution
		SolutionGuid = {4966E8A6-7F61-4F5C-9BFB-FA7B462805B3}
	EndGlobalSection
EndGlobal
